version = 1
revision = 3
requires-python = "==3.11.*"

[[package]]
name = "avro"
version = "1.12.2"
source = { registry = "https://pypi.org/simple" }
sdist = { url = "https://files.pythonhosted.org/packages/5f/68/973b9c682aa2c3cf2b05fc4c961af11b9be1d9b46604f65aed23cd4fd1e6/avro-1.12.2.tar.gz", hash = "sha256:e900e7b59a4781f63d9e935e88f6ec50c4d60be3f4adf9c63b51ed39d578fe08", size = 105500, upload-time = "2026-08-17T17:58:19.935Z" }
wheels = [
    { url = "https://files.pythonhosted.org/packages/51/10/48f47d5da1fda33e2951019d38449e201efd9042117ad660aa4dcbf9268b/avro-1.12.2-py3-none-any.whl", hash = "sha256:bcbed5da65d298cb4ceb1e61f1a61b5b9fb180049c904f4045022338a95bf686", size = 134848, upload-time = "2026-08-17T17:58:18.369Z" },
]

[[package]]
name = "building-streaming-etl-data-pipeline"
version = "0.1.0"
source = { virtual = "." }
dependencies = [
    { name = "confluent-kafka", extra = ["avro"] },
    { name = "fastavro" },
    { name = "json5" },
    { name = "pyspark" },
    { name = "requests" },
    { name = "statsd" },
]

[package.metadata]
requires-dist = [
    { name = "confluent-kafka", extras = ["avro"], specifier = "==2.5.3" },
    { name = "fastavro", specifier = "==1.9.7" },
    { name = "json5" },
    { name = "pyspark", specifier = "==3.5.8" },
    { name = "requests" },
    { name = "statsd", specifier = "==4.0.1" },
]

[[package]]
name = "certifi"
version = "2026.7.22"
source = { registry = "https://pypi.org/simple" }
sdist = { url = "https://files.pythonhosted.org/packages/a3/c2/24167ea9858356b47a87a50d39908bfdb72ceeefe0041586e704e5376b3a/certifi-2026.7.22.tar.gz", hash = "sha256:741e2c3b351ddf169a738da9f2c048608ff7f2c5cc02f1ebc6b118bb090d5d55", size = 138112, upload-time = "2026-07-22T03:35:12.644Z" }
wheels = [
    { url = "https://files.pythonhosted.org/packages/0b/a7/71ac2cff56fec219ed242bb11b8efb69fcc4bec75db06fb7bfe35de520e6/certifi-2026.7.22-py3-none-any.whl", hash = "sha256:62f22742b58a1a33014a2b6b706588a8d7e2a88ae7bd1a6ebe8c992928483775", size = 136983, upload-time = "2026-07-22T03:35:11.276Z" },
]

[[package]]
name = "charset-normalizer"
version = "3.5.1"
source = { registry = "https://pypi.org/simple" }
sdist = { url = "https://files.pythonhosted.org/packages/e5/3f/143b048436775b0f76ac3eec145c019e8173ccc2885c8f20319b996d5e83/charset_normalizer-3.5.1.tar.gz", hash = "sha256:6117b84ea48435e5356dc737f5121485c30920ba43375fa7b434fd753df0eac3", size = 171764, upload-time = "2026-08-15T08:20:44.807Z" }
wheels = [
    { url = "https://files.pythonhosted.org/packages/6a/b6/034f6802e9c3f6418966cfabb7db8c9252cc2429c5098f41cc43af804149/charset_normalizer-3.5.1-cp311-cp311-macosx_10_9_universal2.whl", hash = "sha256:eda059b6bc8bc0812d626fd91a7ce01bf583df0a61296eff390fd94141a34e30", size = 363585, upload-time = "2026-08-15T08:16:46.646Z" },
    { url = "https://files.pythonhosted.org/packages/d5/fa/6a7e2a7c4b5451912b8c417732df79574354443592a88d616de03da66ae5/charset_normalizer-3.5.1-cp311-cp311-manylinux2014_aarch64.manylinux_2_17_aarch64.manylinux_2_28_aarch64.whl", hash = "sha256:aa2bb0b37202dca27175591f761108b5d34096ade1191ffe4808bdf6b1571488", size = 251189, upload-time = "2026-08-15T08:16:48.287Z" },
    { url = "https://files.pythonhosted.org/packages/a4/c8/ab42b07cfd82e919f427fcfaa7c41abae8242833ad1aad66d42bae40b669/charset_normalizer-3.5.1-cp311-cp311-manylinux2014_armv7l.manylinux_2_17_armv7l.manylinux_2_31_armv7l.whl", hash = "sha256:0b2b1b3fa5670c127b246df1d0c059defd41f689a868a3b9d79df9b1cac42d22", size = 239724, upload-time = "2026-08-15T08:16:49.67Z" },
    { url = "https://files.pythonhosted.org/packages/e7/80/b9348b5d3041209f98b4cdad7655766369233f1d533f4f4f7558e9717bec/charset_normalizer-3.5.1-cp311-cp311-manylinux2014_ppc64le.manylinux_2_17_ppc64le.manylinux_2_28_ppc64le.whl", hash = "sha256:6e5e4d73d588ca5ed09df1b7dcd1b203d1df3c542e3f50d126c947d432b10731", size = 280078, upload-time = "2026-08-15T08:16:51.228Z" },
    { url = "https://files.pythonhosted.org/packages/82/38/083a24028304bc85bb9e376fed801178423dcbb67495f73b6ea0624e1894/charset_normalizer-3.5.1-cp311-cp311-manylinux2014_s390x.manylinux_2_17_s390x.manylinux_2_28_s390x.whl", hash = "sha256:b54e7e13267d49ffbfe68e25b3cbd774dab38fa37238f71265e91b36146eb21c", size = 276650, upload-time = "2026-08-15T08:16:52.625Z" },
    { url = "https://files.pythonhosted.org/packages/0d/35/731ac04aa0a097fc1c97f0994c375bdb230c6c96619db794208fe664e9ce/charset_normalizer-3.5.1-cp311-cp311-manylinux2014_x86_64.manylinux_2_17_x86_64.manylinux_2_28_x86_64.whl", hash = "sha256:c7b742bf31c88566b4bb6335a7f393bb322e580b6bb98df7bd0c25e6e3519ce8", size = 262325, upload-time = "2026-08-15T08:16:54.085Z" },
    { url = "https://files.pythonhosted.org/packages/f5/28/c2028e7021fb89c6e56868ed0e387b8e9aa811abdd2ab3208d6578d2c930/charset_normalizer-3.5.1-cp311-cp311-manylinux_2_31_riscv64.manylinux_2_39_riscv64.whl", hash = "sha256:6ba32c4d2abf1d2fe7cf27d280f4cca5664233b0f885549c7761719eb977f486", size = 261140, upload-time = "2026-08-15T08:16:55.604Z" },
    { url = "https://files.pythonhosted.org/packages/28/f0/0c0ceec6d98b7daa62e361e418135d59685811d79ba11529aad5cdf15e84/charset_normalizer-3.5.1-cp311-cp311-musllinux_1_2_aarch64.whl", hash = "sha256:0722590aabf9dc6a6c0343d523c05458fa2b5047dbe6302fd526bb570600753f", size = 252791, upload-time = "2026-08-15T08:16:57.103Z" },
    { url = "https://files.pythonhosted.org/packages/f0/3e/48f4cd187b1c33189d86039e9cbe4f92c05454175504b44ff81806d4d1bf/charset_normalizer-3.5.1-cp311-cp311-musllinux_1_2_armv7l.whl", hash = "sha256:aa1099b956fb795e686d073568f6dc002a0bb89765ea6d5b055dd7d9bf1b116c", size = 240730, upload-time = "2026-08-15T08:16:58.418Z" },
    { url = "https://files.pythonhosted.org/packages/42/85/f9e22af69af67c54cce42be9455d9c81294f918b4ccc454db01f66efcac2/charset_normalizer-3.5.1-cp311-cp311-musllinux_1_2_ppc64le.whl", hash = "sha256:bd6c173f04743d483881bffa1478d5a4624475b8cd1d2194956a75548e191c18", size = 280791, upload-time = "2026-08-15T08:16:59.918Z" },
    { url = "https://files.pythonhosted.org/packages/fd/4c/9044135f42127630b6fa742feb51256353f6ab87a78f2fdd1de3de955a7f/charset_normalizer-3.5.1-cp311-cp311-musllinux_1_2_riscv64.whl", hash = "sha256:f298e218441525d3794428b4c8b8fb8662c6d3ea79925d4807ee6b9a96a3bca5", size = 259598, upload-time = "2026-08-15T08:17:01.421Z" },
    { url = "https://files.pythonhosted.org/packages/ba/ed/1dd7cfebb4e75812934c49ca3b79757d11948053f7937ab7070c151f3c55/charset_normalizer-3.5.1-cp311-cp311-musllinux_1_2_s390x.whl", hash = "sha256:6e2912d4babbc65196ac13c2f53468dc57fb8b9c25ef913e8c59ddf7c6dc0e1b", size = 278217, upload-time = "2026-08-15T08:17:02.782Z" },
    { url = "https://files.pythonhosted.org/packages/bf/eb/239c84503cc9e3ba6eb34686a24bc66e84f3924efdd7e38e751a19f6bc10/charset_normalizer-3.5.1-cp311-cp311-musllinux_1_2_x86_64.whl", hash = "sha256:3d27167433c0d5f18dc850f07d0b3816221984fecdc405d6c157a6f0b8f8e9e6", size = 263417, upload-time = "2026-08-15T08:17:04.216Z" },
    { url = "https://files.pythonhosted.org/packages/37/ab/4e4510e1e288478e2c8333131d1c1382382ba8cd2165053c79e39d1da961/charset_normalizer-3.5.1-cp311-cp311-win32.whl", hash = "sha256:ac00177c4831ffa650f8609e4bdddd5fe09c03b1c0c47acece7e6ea20421598b", size = 181774, upload-time = "2026-08-15T08:17:05.58Z" },
    { url = "https://files.pythonhosted.org/packages/e3/57/32f0ccea59e8612057c61d6fd22ef2cb63cca93c9fe594094919696ac170/charset_normalizer-3.5.1-cp311-cp311-win_amd64.whl", hash = "sha256:f9b1e28d0e8dbfa858abdba91d6b547beaf2df1a59bec6da6faae7b96a4991a9", size = 206653, upload-time = "2026-08-15T08:17:07.075Z" },
    { url = "https://files.pythonhosted.org/packages/17/d4/b65c433fc521e58b5f54293982a5e51c05cb5f2dd3f1c7a6acb65b75324e/charset_normalizer-3.5.1-cp311-cp311-win_arm64.whl", hash = "sha256:ae31a1a1db2ee6cc2942fccaf695c934bc7f3db9f2133a3fef1f367cf1a4ab10", size = 185630, upload-time = "2026-08-15T08:17:08.502Z" },
    { url = "https://files.pythonhosted.org/packages/5b/97/fb4e82231aba271ffd775a1b4993b0defc4e3059f286ae41d9433409fe85/charset_normalizer-3.5.1-cp37-abi3-macosx_10_9_universal2.whl", hash = "sha256:41876ee62a3dddf48ff1121ad8f0798032aa03f2fd35f21f34a4cab14f18d8d2", size = 331467, upload-time = "2026-08-15T08:19:50.959Z" },
    { url = "https://files.pythonhosted.org/packages/9f/2f/fe3f187327aac18e2d54e9d2b08e15d27bf9b642d9e51c219f130fc34d1a/charset_normalizer-3.5.1-cp37-abi3-manylinux1_x86_64.manylinux_2_28_x86_64.manylinux_2_5_x86_64.whl", hash = "sha256:a6dac12ff6b846103483683f60c5f8fee205121adc58ffd87e90a90a3af69e99", size = 253057, upload-time = "2026-08-15T08:19:52.654Z" },
    { url = "https://files.pythonhosted.org/packages/d7/c7/9e48cee5c161fe24da823b61bf381921d77cb994a0a4de148e95018c1984/charset_normalizer-3.5.1-cp37-abi3-manylinux2014_aarch64.manylinux_2_17_aarch64.manylinux_2_28_aarch64.whl", hash = "sha256:cee5dd7c6fb5dd52a0fe2a740f9bc6e3593f5f8b1788bde49de02086f30182b2", size = 240930, upload-time = "2026-08-15T08:19:54.163Z" },
    { url = "https://files.pythonhosted.org/packages/49/e0/716601f3cc69be7b198951150c75ead1ece33c3c8036ff6ffa46029659a0/charset_normalizer-3.5.1-cp37-abi3-manylinux2014_armv7l.manylinux_2_17_armv7l.manylinux_2_31_armv7l.whl", hash = "sha256:343fb4f2821043bd87095f7b08a1a181febc8e36ac64212143bbfd0a0e1bc235", size = 230822, upload-time = "2026-08-15T08:19:55.807Z" },
    { url = "https://files.pythonhosted.org/packages/d3/05/71bfc5caa0abcc45aea1f6a4d50ac68e59605ddc7666fe8494f4cd229665/charset_normalizer-3.5.1-cp37-abi3-manylinux2014_ppc64le.manylinux_2_17_ppc64le.manylinux_2_28_ppc64le.whl", hash = "sha256:ae4a097991662cd4fff0ddc74e0fe7874f82e00042fa0ea00855645ed0c79598", size = 260037, upload-time = "2026-08-15T08:19:57.312Z" },
    { url = "https://files.pythonhosted.org/packages/c3/92/de7e32ed05341e7a9c4c877c318418197b7f2d66a3b68d561bf2ac57ca3e/charset_normalizer-3.5.1-cp37-abi3-manylinux2014_s390x.manylinux_2_17_s390x.manylinux_2_28_s390x.whl", hash = "sha256:4b599739b93b2cbeded49645ae3c8d1405c29ddfbceac1545c87a3f9580a9e96", size = 255097, upload-time = "2026-08-15T08:19:59.056Z" },
    { url = "https://files.pythonhosted.org/packages/f5/7b/ade0a122600319dfa0b1000ab0f9731c94a817904cf3c5de408c73a4ede7/charset_normalizer-3.5.1-cp37-abi3-manylinux_2_31_riscv64.manylinux_2_39_riscv64.whl", hash = "sha256:b39b69b347e5e47a3b5b8cfc005c68c1ba347474e3960236c4944a8ecd174962", size = 250166, upload-time = "2026-08-15T08:20:00.612Z" },
    { url = "https://files.pythonhosted.org/packages/75/9c/019fbb9f4834491a160951349b1a3714439376f66e5f7cf18b4f18f0c7aa/charset_normalizer-3.5.1-cp37-abi3-musllinux_1_2_aarch64.whl", hash = "sha256:a2028475ba855475b8b4d3cfeb4994269c967aea8b9892dfba907f4263a863a3", size = 241821, upload-time = "2026-08-15T08:20:02.321Z" },
    { url = "https://files.pythonhosted.org/packages/2b/b8/11d4840bfc99330cc7fbcc2681ee5a044553a6e77655508d8f9b2bff7b34/charset_normalizer-3.5.1-cp37-abi3-musllinux_1_2_armv7l.whl", hash = "sha256:36047af20e17097c3bb9476c2b7655f2f7aa51322c0ba58c07695bedf755a950", size = 232529, upload-time = "2026-08-15T08:20:04.008Z" },
    { url = "https://files.pythonhosted.org/packages/18/96/2b3a21492d9f65171ac75d872f5018260013d00bfa0ff70ec9f179148cbd/charset_normalizer-3.5.1-cp37-abi3-musllinux_1_2_ppc64le.whl", hash = "sha256:4c4fb141a727957c93edfe5c32a26ceb6b5f6461d67146e2d39f51e16170bea8", size = 260348, upload-time = "2026-08-15T08:20:05.877Z" },
    { url = "https://files.pythonhosted.org/packages/d6/aa/a69a2028e8bd052476c245460ab19d7de595de084dd968f2d75cd50c3e25/charset_normalizer-3.5.1-cp37-abi3-musllinux_1_2_riscv64.whl", hash = "sha256:2f293479cce755c75f1697e87c409b7ae4c555c7dfecb6e988ad13abba943031", size = 247234, upload-time = "2026-08-15T08:20:07.487Z" },
    { url = "https://files.pythonhosted.org/packages/35/8a/3d130aeabcaf3d2466af76b7b141c08d9e89c9016ab4b7cdd0f7dc2d1c62/charset_normalizer-3.5.1-cp37-abi3-musllinux_1_2_s390x.whl", hash = "sha256:3588e376b3ea2eea84976f67273d679f229e24c66dce7b82ae45aef04ff6e072", size = 256917, upload-time = "2026-08-15T08:20:09.142Z" },
    { url = "https://files.pythonhosted.org/packages/80/c2/a7379b840292d0c1ab9fbd17d1f3967aa81794dc95bc74be8999d7fedcf7/charset_normalizer-3.5.1-cp37-abi3-musllinux_1_2_x86_64.whl", hash = "sha256:e199fb99720074809a7720f1c0b4d919eea8b87e88713e0f8f602f7bef543d9d", size = 254846, upload-time = "2026-08-15T08:20:10.727Z" },
    { url = "https://files.pythonhosted.org/packages/01/65/d43b714731bb2f40d4053dfa00ecfc1c5a301f8e3316c5db3a09af59fe94/charset_normalizer-3.5.1-cp37-abi3-win32.whl", hash = "sha256:dd732602a7009217f658d5863d12d79d373a4de0eebc111094bcdd3bb8e0a6cc", size = 174216, upload-time = "2026-08-15T08:20:12.334Z" },
    { url = "https://files.pythonhosted.org/packages/35/4f/b911ed898b26a09789eba9c9200c999aff6c61b4bafaf4838e56d1a1e1a3/charset_normalizer-3.5.1-cp37-abi3-win_amd64.whl", hash = "sha256:70055ff39b97c99e7ae40ea3e393fb62aa2e44dbd9b29f8d14f42fb0025c3959", size = 199764, upload-time = "2026-08-15T08:20:13.908Z" },
    { url = "https://files.pythonhosted.org/packages/f0/a7/920baf467bfd9bf689f3b318340f37aee4572a71f162bd8db51da55ba4fa/charset_normalizer-3.5.1-cp37-abi3-win_arm64.whl", hash = "sha256:87e4f41d375c0b9be2fb5251aee4b8a689169e134535aed81bf085c3b647451e", size = 287318, upload-time = "2026-08-15T08:20:15.551Z" },
    { url = "https://files.pythonhosted.org/packages/cc/61/d01fc49b8dea277640b55a9e15960dbca9fdc8c9fde18e572d39c59f4019/charset_normalizer-3.5.1-py3-none-any.whl", hash = "sha256:6df0ec430f9a831772c23ca5a224cba36517a58a84bb32c32bb59a9fa67c47f6", size = 68658, upload-time = "2026-08-15T08:20:43.306Z" },
]

[[package]]
name = "confluent-kafka"
version = "2.5.3"
source = { registry = "https://pypi.org/simple" }
sdist = { url = "https://files.pythonhosted.org/packages/17/04/462ae1c7106a733e627dc802237c42c2bd36daa8324a07a42c7889af0587/confluent-kafka-2.5.3.tar.gz", hash = "sha256:eca625b0a8742d864a954bbe6493d453c07bacedf9e10d71a54dd1047f775778", size = 137038, upload-time = "2024-09-02T13:16:08.9Z" }
wheels = [
    { url = "https://files.pythonhosted.org/packages/70/59/8096b79a9a605158ad31ea4167edc7f3b05cd12b0d8bb900f357fd7aff2c/confluent_kafka-2.5.3-cp311-cp311-macosx_10_9_x86_64.whl", hash = "sha256:4dd5fa74231fc21c3a26eeda1999a27f84768a6291a8b04c3cd61ac1deea4ace", size = 3410402, upload-time = "2024-09-02T13:14:37.072Z" },
    { url = "https://files.pythonhosted.org/packages/0d/a9/1c65b13cacebfa723eea641f2f476ac8799a9db5e3302941adde06fd4d3e/confluent_kafka-2.5.3-cp311-cp311-macosx_11_0_arm64.whl", hash = "sha256:ac8b5fe45ee9c11ce7a516dc7c41441ebb17d9ff63c8646a59b8e52bd791b154", size = 2937115, upload-time = "2024-09-02T13:14:41.336Z" },
    { url = "https://files.pythonhosted.org/packages/69/d5/51e1bdcc309bde74254851aa47ad2d477cc8dc17190b27d9c1020a020af6/confluent_kafka-2.5.3-cp311-cp311-manylinux_2_28_aarch64.whl", hash = "sha256:7125c3f86a76136b25aa21c94303b33709e2dd15f777395ea81fbd6872d9147b", size = 15060570, upload-time = "2024-09-02T13:14:48.465Z" },
    { url = "https://files.pythonhosted.org/packages/e0/37/4ab00b1562ba8f9b7a4e91fde2ce8b6105e9901a05f6852ffaf2fec44417/confluent_kafka-2.5.3-cp311-cp311-manylinux_2_28_x86_64.whl", hash = "sha256:8ec7a407bcb2eb122ff159d602cedc41d858f4c66a436c778f5d2f9f15fbec4e", size = 3908907, upload-time = "2024-09-02T13:14:52.922Z" },
    { url = "https://files.pythonhosted.org/packages/f8/87/60a4fef00a1afdbe980ccfce926a0f19f009d9a581b231f0288efbcd2c59/confluent_kafka-2.5.3-cp311-cp311-win_amd64.whl", hash = "sha256:4cfb18d69e6912fe90cbbcc9c7d805988122c51ab3041e1424ace64bc31b736f", size = 3548150, upload-time = "2024-09-02T13:14:55.319Z" },
]

[package.optional-dependencies]
avro = [
    { name = "avro" },
    { name = "fastavro" },
    { name = "requests" },
]

[[package]]
name = "fastavro"
version = "1.9.7"
source = { registry = "https://pypi.org/simple" }
sdist = { url = "https://files.pythonhosted.org/packages/11/56/72dc3fa6985c7f27b392cd3991c466eb61208f3c6cb7fc2f12e6bfc6f774/fastavro-1.9.7.tar.gz", hash = "sha256:13e11c6cb28626da85290933027cd419ce3f9ab8e45410ef24ce6b89d20a1f6c", size = 987818, upload-time = "2024-09-06T03:53:37.839Z" }
wheels = [
    { url = "https://files.pythonhosted.org/packages/89/61/b8b18aebc01e5d5a77042f6d555fe091d3279242edd5639252c9fcb9a3b7/fastavro-1.9.7-cp311-cp311-macosx_10_9_universal2.whl", hash = "sha256:ec8499dc276c2d2ef0a68c0f1ad11782b2b956a921790a36bf4c18df2b8d4020", size = 1040249, upload-time = "2024-09-06T03:53:56.412Z" },
    { url = "https://files.pythonhosted.org/packages/a0/a1/c6539ac9f6e068c1920f5d6a823113cd60088160050ed32ee4e7b960c1aa/fastavro-1.9.7-cp311-cp311-manylinux_2_17_aarch64.manylinux2014_aarch64.whl", hash = "sha256:76d9d96f98052615ab465c63ba8b76ed59baf2e3341b7b169058db104cbe2aa0", size = 3312219, upload-time = "2024-09-06T03:53:58.998Z" },
    { url = "https://files.pythonhosted.org/packages/68/2b/0015355fb7dbf31dee0f3e69e6fa1ff43967500a8b1abb81de5a15f24b16/fastavro-1.9.7-cp311-cp311-manylinux_2_17_x86_64.manylinux2014_x86_64.whl", hash = "sha256:919f3549e07a8a8645a2146f23905955c35264ac809f6c2ac18142bc5b9b6022", size = 3334160, upload-time = "2024-09-06T03:54:02.106Z" },
    { url = "https://files.pythonhosted.org/packages/60/08/62707fe5bfb7c4dca99132c969b38270579bf96408552a0baf201e861e84/fastavro-1.9.7-cp311-cp311-musllinux_1_2_aarch64.whl", hash = "sha256:9de1fa832a4d9016724cd6facab8034dc90d820b71a5d57c7e9830ffe90f31e4", size = 3282829, upload-time = "2024-09-06T03:54:04.762Z" },
    { url = "https://files.pythonhosted.org/packages/b2/7e/21b3066973c60309f8e58f3d0d63dfdad196354217416384577c1e8faee0/fastavro-1.9.7-cp311-cp311-musllinux_1_2_x86_64.whl", hash = "sha256:1d09227d1f48f13281bd5ceac958650805aef9a4ef4f95810128c1f9be1df736", size = 3419466, upload-time = "2024-09-06T03:54:07.483Z" },
    { url = "https://files.pythonhosted.org/packages/43/b3/cac5151810a8c8b5ef318b488a61288fe07e623e9b342c3fc2f60cbfdede/fastavro-1.9.7-cp311-cp311-win_amd64.whl", hash = "sha256:2db993ae6cdc63e25eadf9f93c9e8036f9b097a3e61d19dca42536dcc5c4d8b3", size = 500131, upload-time = "2024-09-06T03:54:09.198Z" },
]

[[package]]
name = "idna"
version = "3.19"
source = { registry = "https://pypi.org/simple" }
sdist = { url = "https://files.pythonhosted.org/packages/5f/f7/abb373e5757eaec4b922b92f97ec8d6d7e057cf06778247604fbc4e7c3f3/idna-3.19.tar.gz", hash = "sha256:5e0811a4383b21dc5838069f801c4fb62113b7447663d2530d2bd6e77b49bf15", size = 215237, upload-time = "2026-08-18T05:14:24.27Z" }
wheels = [
    { url = "https://files.pythonhosted.org/packages/57/b0/0e52c878c53f245edd3a11020f20979b3f490f245af532c7cae3027754b5/idna-3.19-py3-none-any.whl", hash = "sha256:815e7be7a7806d54abb586dc943addc79e8b2ee16915059658cbeff4b1b43bf4", size = 68550, upload-time = "2026-08-18T05:14:22.343Z" },
]

[[package]]
name = "json5"
version = "0.15.0"
source = { registry = "https://pypi.org/simple" }
sdist = { url = "https://files.pythonhosted.org/packages/e4/7d/05c46a96a78147ae3bf99c2f4169ce144a70220b8d6fcd56f6ec368b8ce9/json5-0.15.0.tar.gz", hash = "sha256:7424d1f1eb1d56da6e3d70643f53619862b4ce81440bdb8ecfd6f875e5ba4a71", size = 53278, upload-time = "2026-06-19T20:08:27.716Z" }
wheels = [
    { url = "https://files.pythonhosted.org/packages/eb/be/59527c99478aade6bb33a68d72e6e18dd4e6ff6eacfc7d01bdb15bc76912/json5-0.15.0-py3-none-any.whl", hash = "sha256:56636a30c0e8a4665fe2179c0212f32eae3796dea89ea6f649b9436ecdb39618", size = 36570, upload-time = "2026-06-19T20:08:26.748Z" },
]

[[package]]
name = "py4j"
version = "0.10.9.9"
source = { registry = "https://pypi.org/simple" }
sdist = { url = "https://files.pythonhosted.org/packages/38/31/0b210511177070c8d5d3059556194352e5753602fa64b85b7ab81ec1a009/py4j-0.10.9.9.tar.gz", hash = "sha256:f694cad19efa5bd1dee4f3e5270eb406613c974394035e5bfc4ec1aba870b879", size = 761089, upload-time = "2025-01-15T03:53:18.624Z" }
wheels = [
    { url = "https://files.pythonhosted.org/packages/bd/db/ea0203e495be491c85af87b66e37acfd3bf756fd985f87e46fc5e3bf022c/py4j-0.10.9.9-py2.py3-none-any.whl", hash = "sha256:c7c26e4158defb37b0bb124933163641a2ff6e3a3913f7811b0ddbe07ed61533", size = 203008, upload-time = "2025-01-15T03:53:15.648Z" },
]

[[package]]
name = "pyspark"
version = "3.5.8"
source = { registry = "https://pypi.org/simple" }
dependencies = [
    { name = "py4j" },
]
sdist = { url = "https://files.pythonhosted.org/packages/80/5a/3806f44eb47387e8af803508cdd6bbc0df784febf4dc010700be04a1ff89/pyspark-3.5.8.tar.gz", hash = "sha256:54cca0767b21b40e3953ad1d30f8601c53abf9cbda763653289cdcfcac52313c", size = 317817299, upload-time = "2026-01-15T11:46:14.487Z" }

[[package]]
name = "requests"
version = "2.34.2"
source = { registry = "https://pypi.org/simple" }
dependencies = [
    { name = "certifi" },
    { name = "charset-normalizer" },
    { name = "idna" },
    { name = "urllib3" },
]
sdist = { url = "https://files.pythonhosted.org/packages/ac/c3/e2a2b89f2d3e2179abd6d00ebd70bff6273f37fb3e0cc209f48b39d00cbf/requests-2.34.2.tar.gz", hash = "sha256:f288924cae4e29463698d6d60bc6a4da69c89185ad1e0bcc4104f584e960b9ed", size = 142856, upload-time = "2026-05-14T19:25:27.735Z" }
wheels = [
    { url = "https://files.pythonhosted.org/packages/a0/f4/c67b0b3f1b9245e8d266f0f112c500d50e5b4e83cb6f3b71b6528104182a/requests-2.34.2-py3-none-any.whl", hash = "sha256:2a0d60c172f83ac6ab31e4554906c0f3b3588d37b5cb939b1c061f4907e278e0", size = 73075, upload-time = "2026-05-14T19:25:26.443Z" },
]

[[package]]
name = "statsd"
version = "4.0.1"
source = { registry = "https://pypi.org/simple" }
sdist = { url = "https://files.pythonhosted.org/packages/27/29/05e9f50946f4cf2ed182726c60d9c0ae523bb3f180588c574dd9746de557/statsd-4.0.1.tar.gz", hash = "sha256:99763da81bfea8daf6b3d22d11aaccb01a8d0f52ea521daab37e758a4ca7d128", size = 27814, upload-time = "2022-11-06T14:17:36.194Z" }
wheels = [
    { url = "https://files.pythonhosted.org/packages/f4/d0/c9543b52c067a390ae6ae632d7fd1b97a35cdc8d69d40c0b7d334b326410/statsd-4.0.1-py2.py3-none-any.whl", hash = "sha256:c2676519927f7afade3723aca9ca8ea986ef5b059556a980a867721ca69df093", size = 13118, upload-time = "2022-11-06T14:17:34.258Z" },
]

[[package]]
name = "urllib3"
version = "2.7.0"
source = { registry = "https://pypi.org/simple" }
sdist = { url = "https://files.pythonhosted.org/packages/53/0c/06f8b233b8fd13b9e5ee11424ef85419ba0d8ba0b3138bf360be2ff56953/urllib3-2.7.0.tar.gz", hash = "sha256:231e0ec3b63ceb14667c67be60f2f2c40a518cb38b03af60abc813da26505f4c", size = 433602, upload-time = "2026-05-07T16:13:18.596Z" }
wheels = [
    { url = "https://files.pythonhosted.org/packages/7f/3e/5db95bcf282c52709639744ca2a8b149baccf648e39c8cc87553df9eae0c/urllib3-2.7.0-py3-none-any.whl", hash = "sha256:9fb4c81ebbb1ce9531cce37674bbc6f1360472bc18ca9a553ede278ef7276897", size = 131087, upload-time = "2026-05-07T16:13:17.151Z" },
]
